
Microsoft Visual Studio Solution File, Format Version 12.00
# Visual Studio Version 17
VisualStudioVersion = 17.11.35303.130
MinimumVisualStudioVersion = 10.0.40219.1
Project("{9A19103F-16F7-4668-BE54-9A1E7A4F7556}") = "williams-adrian-a2-interactivedrawing", "williams-adrian-a2-interactivedrawing.csproj", "{237E42CD-B738-4D9E-ABCE-4818C81DF68F}"
EndProject
Global
	GlobalSection(SolutionConfigurationPlatforms) = preSolution
		Debug|Any CPU = Debug|Any CPU
		Release|Any CPU = Release|Any CPU
	EndGlobalSection
	GlobalSection(ProjectConfigurationPlatforms) = postSolution
		{237E42CD-B738-4D9E-ABCE-4818C81DF68F}.Debug|Any CPU.ActiveCfg = Debug|Any CPU
		{237E42CD-B738-4D9E-ABCE-4818C81DF68F}.Debug|Any CPU.Build.0 = Debug|Any CPU
		{237E42CD-B738-4D9E-ABCE-4818C81DF68F}.Release|Any CPU.ActiveCfg = Release|Any CPU
		{237E42CD-B738-4D9E-ABCE-4818C81DF68F}.Release|Any CPU.Build.0 = Release|Any CPU
	EndGlobalSection
	GlobalSection(SolutionProperties) = preSolution
		HideSolutionNode = FALSE
	EndGlobalSection
	GlobalSection(ExtensibilityGlobals) = postSolution
		SolutionGuid = {706EAAB2-6DF0-4104-9F1D-75A20D6E4664}
	EndGlobalSection
EndGlobal
